// !$*UTF8*$!
{
	archiveVersion = 1;
	classes = {
	};
	objectVersion = 50;
	objects = {

/* Begin PBXBuildFile section */
		4B33E94722D5E758001CB3B2 /* UIAlertController+Utils.swift in Sources */ = {isa = PBXBuildFile; fileRef = 4B33E94622D5E758001CB3B2 /* UIAlertController+Utils.swift */; };
		4B33E94A22D5E783001CB3B2 /* TextConstants.swift in Sources */ = {isa = PBXBuildFile; fileRef = 4B33E94922D5E783001CB3B2 /* TextConstants.swift */; };
		4B86764C2295476500FC3CE7 /* AppDelegate.swift in Sources */ = {isa = PBXBuildFile; fileRef = 4B86764B2295476500FC3CE7 /* AppDelegate.swift */; };
		4B86764E2295476500FC3CE7 /* CalculatorViewController.swift in Sources */ = {isa = PBXBuildFile; fileRef = 4B86764D2295476500FC3CE7 /* CalculatorViewController.swift */; };
		4B8676512295476500FC3CE7 /* Main.storyboard in Resources */ = {isa = PBXBuildFile; fileRef = 4B86764F2295476500FC3CE7 /* Main.storyboard */; };
		4B8676532295476700FC3CE7 /* Assets.xcassets in Resources */ = {isa = PBXBuildFile; fileRef = 4B8676522295476700FC3CE7 /* Assets.xcassets */; };
		4B8676562295476700FC3CE7 /* LaunchScreen.storyboard in Resources */ = {isa = PBXBuildFile; fileRef = 4B8676542295476700FC3CE7 /* LaunchScreen.storyboard */; };
		4B86765E229547F400FC3CE7 /* Friend.swift in Sources */ = {isa = PBXBuildFile; fileRef = 4B86765D229547F400FC3CE7 /* Friend.swift */; };
		4B8676602295482600FC3CE7 /* Refund.swift in Sources */ = {isa = PBXBuildFile; fileRef = 4B86765F2295482600FC3CE7 /* Refund.swift */; };
		4B86766322959EAA00FC3CE7 /* DetailsViewController.swift in Sources */ = {isa = PBXBuildFile; fileRef = 4B86766222959EAA00FC3CE7 /* DetailsViewController.swift */; };
		4B867665229687AF00FC3CE7 /* CustomTableViewCell.swift in Sources */ = {isa = PBXBuildFile; fileRef = 4B867664229687AF00FC3CE7 /* CustomTableViewCell.swift */; };
		4B86766D229928B100FC3CE7 /* UIStoryboard+utils.swift in Sources */ = {isa = PBXBuildFile; fileRef = 4B86766C229928B100FC3CE7 /* UIStoryboard+utils.swift */; };
/* End PBXBuildFile section */

/* Begin PBXFileReference section */
		4B33E94622D5E758001CB3B2 /* UIAlertController+Utils.swift */ = {isa = PBXFileReference; fileEncoding = 4; lastKnownFileType = sourcecode.swift; path = "UIAlertController+Utils.swift"; sourceTree = "<group>"; };
		4B33E94922D5E783001CB3B2 /* TextConstants.swift */ = {isa = PBXFileReference; fileEncoding = 4; lastKnownFileType = sourcecode.swift; path = TextConstants.swift; sourceTree = "<group>"; };
		4B8676482295476500FC3CE7 /* DebtorsAndSponsors.app */ = {isa = PBXFileReference; explicitFileType = wrapper.application; includeInIndex = 0; path = DebtorsAndSponsors.app; sourceTree = BUILT_PRODUCTS_DIR; };
		4B86764B2295476500FC3CE7 /* AppDelegate.swift */ = {isa = PBXFileReference; lastKnownFileType = sourcecode.swift; path = AppDelegate.swift; sourceTree = "<group>"; };
		4B86764D2295476500FC3CE7 /* CalculatorViewController.swift */ = {isa = PBXFileReference; lastKnownFileType = sourcecode.swift; path = CalculatorViewController.swift; sourceTree = "<group>"; };
		4B8676502295476500FC3CE7 /* Base */ = {isa = PBXFileReference; lastKnownFileType = file.storyboard; name = Base; path = Base.lproj/Main.storyboard; sourceTree = "<group>"; };
		4B8676522295476700FC3CE7 /* Assets.xcassets */ = {isa = PBXFileReference; lastKnownFileType = folder.assetcatalog; path = Assets.xcassets; sourceTree = "<group>"; };
		4B8676552295476700FC3CE7 /* Base */ = {isa = PBXFileReference; lastKnownFileType = file.storyboard; name = Base; path = Base.lproj/LaunchScreen.storyboard; sourceTree = "<group>"; };
		4B8676572295476700FC3CE7 /* Info.plist */ = {isa = PBXFileReference; lastKnownFileType = text.plist.xml; path = Info.plist; sourceTree = "<group>"; };
		4B86765D229547F400FC3CE7 /* Friend.swift */ = {isa = PBXFileReference; lastKnownFileType = sourcecode.swift; path = Friend.swift; sourceTree = "<group>"; };
		4B86765F2295482600FC3CE7 /* Refund.swift */ = {isa = PBXFileReference; lastKnownFileType = sourcecode.swift; path = Refund.swift; sourceTree = "<group>"; };
		4B86766222959EAA00FC3CE7 /* DetailsViewController.swift */ = {isa = PBXFileReference; lastKnownFileType = sourcecode.swift; path = DetailsViewController.swift; sourceTree = "<group>"; };
		4B867664229687AF00FC3CE7 /* CustomTableViewCell.swift */ = {isa = PBXFileReference; lastKnownFileType = sourcecode.swift; path = CustomTableViewCell.swift; sourceTree = "<group>"; };
		4B86766C229928B100FC3CE7 /* UIStoryboard+utils.swift */ = {isa = PBXFileReference; lastKnownFileType = sourcecode.swift; path = "UIStoryboard+utils.swift"; sourceTree = "<group>"; };
/* End PBXFileReference section */

/* Begin PBXFrameworksBuildPhase section */
		4B8676452295476500FC3CE7 /* Frameworks */ = {
			isa = PBXFrameworksBuildPhase;
			buildActionMask = 2147483647;
			files = (
			);
			runOnlyForDeploymentPostprocessing = 0;
		};
/* End PBXFrameworksBuildPhase section */

/* Begin PBXGroup section */
		4B33E94822D5E76F001CB3B2 /* Constants */ = {
			isa = PBXGroup;
			children = (
				4B33E94922D5E783001CB3B2 /* TextConstants.swift */,
			);
			path = Constants;
			sourceTree = "<group>";
		};
		4B86763F2295476500FC3CE7 = {
			isa = PBXGroup;
			children = (
				4B86764A2295476500FC3CE7 /* DebtorsAndSponsors */,
				4B8676492295476500FC3CE7 /* Products */,
			);
			sourceTree = "<group>";
		};
		4B8676492295476500FC3CE7 /* Products */ = {
			isa = PBXGroup;
			children = (
				4B8676482295476500FC3CE7 /* DebtorsAndSponsors.app */,
			);
			name = Products;
			sourceTree = "<group>";
		};
		4B86764A2295476500FC3CE7 /* DebtorsAndSponsors */ = {
			isa = PBXGroup;
			children = (
				4B86764B2295476500FC3CE7 /* AppDelegate.swift */,
				4B86764F2295476500FC3CE7 /* Main.storyboard */,
				4B86766B2299280300FC3CE7 /* ViewControllers */,
				4B867667229687DC00FC3CE7 /* Cell */,
				4B867666229687C400FC3CE7 /* Models */,
				4B86766A229927F200FC3CE7 /* Extensions */,
				4B33E94822D5E76F001CB3B2 /* Constants */,
				4B8676612295486700FC3CE7 /* Supporting */,
				4B8676572295476700FC3CE7 /* Info.plist */,
			);
			path = DebtorsAndSponsors;
			sourceTree = "<group>";
		};
		4B8676612295486700FC3CE7 /* Supporting */ = {
			isa = PBXGroup;
			children = (
				4B8676522295476700FC3CE7 /* Assets.xcassets */,
				4B8676542295476700FC3CE7 /* LaunchScreen.storyboard */,
			);
			path = Supporting;
			sourceTree = "<group>";
		};
		4B867666229687C400FC3CE7 /* Models */ = {
			isa = PBXGroup;
			children = (
				4B86765D229547F400FC3CE7 /* Friend.swift */,
				4B86765F2295482600FC3CE7 /* Refund.swift */,
			);
			path = Models;
			sourceTree = "<group>";
		};
		4B867667229687DC00FC3CE7 /* Cell */ = {
			isa = PBXGroup;
			children = (
				4B867664229687AF00FC3CE7 /* CustomTableViewCell.swift */,
			);
			path = Cell;
			sourceTree = "<group>";
		};
		4B86766A229927F200FC3CE7 /* Extensions */ = {
			isa = PBXGroup;
			children = (
				4B86766C229928B100FC3CE7 /* UIStoryboard+utils.swift */,
				4B33E94622D5E758001CB3B2 /* UIAlertController+Utils.swift */,
			);
			path = Extensions;
			sourceTree = "<group>";
		};
		4B86766B2299280300FC3CE7 /* ViewControllers */ = {
			isa = PBXGroup;
			children = (
				4B86764D2295476500FC3CE7 /* CalculatorViewController.swift */,
				4B86766222959EAA00FC3CE7 /* DetailsViewController.swift */,
			);
			path = ViewControllers;
			sourceTree = "<group>";
		};
/* End PBXGroup section */

/* Begin PBXNativeTarget section */
		4B8676472295476500FC3CE7 /* DebtorsAndSponsors */ = {
			isa = PBXNativeTarget;
			buildConfigurationList = 4B86765A2295476700FC3CE7 /* Build configuration list for PBXNativeTarget "DebtorsAndSponsors" */;
			buildPhases = (
				4B8676442295476500FC3CE7 /* Sources */,
				4B8676452295476500FC3CE7 /* Frameworks */,
				4B8676462295476500FC3CE7 /* Resources */,
			);
			buildRules = (
			);
			dependencies = (
			);
			name = DebtorsAndSponsors;
			productName = DebtorsAndSponsors;
			productReference = 4B8676482295476500FC3CE7 /* DebtorsAndSponsors.app */;
			productType = "com.apple.product-type.application";
		};
/* End PBXNativeTarget section */

/* Begin PBXProject section */
		4B8676402295476500FC3CE7 /* Project object */ = {
			isa = PBXProject;
			attributes = {
				LastSwiftUpdateCheck = 1010;
				LastUpgradeCheck = 1010;
				ORGANIZATIONNAME = "Darya Kuliashova";
				TargetAttributes = {
					4B8676472295476500FC3CE7 = {
						CreatedOnToolsVersion = 10.1;
					};
				};
			};
			buildConfigurationList = 4B8676432295476500FC3CE7 /* Build configuration list for PBXProject "DebtorsAndSponsors" */;
			compatibilityVersion = "Xcode 9.3";
			developmentRegion = en;
			hasScannedForEncodings = 0;
			knownRegions = (
				en,
				Base,
			);
			mainGroup = 4B86763F2295476500FC3CE7;
			productRefGroup = 4B8676492295476500FC3CE7 /* Products */;
			projectDirPath = "";
			projectRoot = "";
			targets = (
				4B8676472295476500FC3CE7 /* DebtorsAndSponsors */,
			);
		};
/* End PBXProject section */

/* Begin PBXResourcesBuildPhase section */
		4B8676462295476500FC3CE7 /* Resources */ = {
			isa = PBXResourcesBuildPhase;
			buildActionMask = 2147483647;
			files = (
				4B8676562295476700FC3CE7 /* LaunchScreen.storyboard in Resources */,
				4B8676532295476700FC3CE7 /* Assets.xcassets in Resources */,
				4B8676512295476500FC3CE7 /* Main.storyboard in Resources */,
			);
			runOnlyForDeploymentPostprocessing = 0;
		};
/* End PBXResourcesBuildPhase section */

/* Begin PBXSourcesBuildPhase section */
		4B8676442295476500FC3CE7 /* Sources */ = {
			isa = PBXSourcesBuildPhase;
			buildActionMask = 2147483647;
			files = (
				4B867665229687AF00FC3CE7 /* CustomTableViewCell.swift in Sources */,
				4B86765E229547F400FC3CE7 /* Friend.swift in Sources */,
				4B86766D229928B100FC3CE7 /* UIStoryboard+utils.swift in Sources */,
				4B86764E2295476500FC3CE7 /* CalculatorViewController.swift in Sources */,
				4B33E94A22D5E783001CB3B2 /* TextConstants.swift in Sources */,
				4B86764C2295476500FC3CE7 /* AppDelegate.swift in Sources */,
				4B8676602295482600FC3CE7 /* Refund.swift in Sources */,
				4B33E94722D5E758001CB3B2 /* UIAlertController+Utils.swift in Sources */,
				4B86766322959EAA00FC3CE7 /* DetailsViewController.swift in Sources */,
			);
			runOnlyForDeploymentPostprocessing = 0;
		};
/* End PBXSourcesBuildPhase section */

/* Begin PBXVariantGroup section */
		4B86764F2295476500FC3CE7 /* Main.storyboard */ = {
			isa = PBXVariantGroup;
			children = (
				4B8676502295476500FC3CE7 /* Base */,
			);
			name = Main.storyboard;
			sourceTree = "<group>";
		};
		4B8676542295476700FC3CE7 /* LaunchScreen.storyboard */ = {
			isa = PBXVariantGroup;
			children = (
				4B8676552295476700FC3CE7 /* Base */,
			);
			name = LaunchScreen.storyboard;
			sourceTree = "<group>";
		};
/* End PBXVariantGroup section */

/* Begin XCBuildConfiguration section */
		4B8676582295476700FC3CE7 /* Debug */ = {
			isa = XCBuildConfiguration;
			buildSettings = {
				ALWAYS_SEARCH_USER_PATHS = NO;
				CLANG_ANALYZER_NONNULL = YES;
				CLANG_ANALYZER_NUMBER_OBJECT_CONVERSION = YES_AGGRESSIVE;
				CLANG_CXX_LANGUAGE_STANDARD = "gnu++14";
				CLANG_CXX_LIBRARY = "libc++";
				CLANG_ENABLE_MODULES = YES;
				CLANG_ENABLE_OBJC_ARC = YES;
				CLANG_ENABLE_OBJC_WEAK = YES;
				CLANG_WARN_BLOCK_CAPTURE_AUTORELEASING = YES;
				CLANG_WARN_BOOL_CONVERSION = YES;
				CLANG_WARN_COMMA = YES;
				CLANG_WARN_CONSTANT_CONVERSION = YES;
				CLANG_WARN_DEPRECATED_OBJC_IMPLEMENTATIONS = YES;
				CLANG_WARN_DIRECT_OBJC_ISA_USAGE = YES_ERROR;
				CLANG_WARN_DOCUMENTATION_COMMENTS = YES;
				CLANG_WARN_EMPTY_BODY = YES;
				CLANG_WARN_ENUM_CONVERSION = YES;
				CLANG_WARN_INFINITE_RECURSION = YES;
				CLANG_WARN_INT_CONVERSION = YES;
				CLANG_WARN_NON_LITERAL_NULL_CONVERSION = YES;
				CLANG_WARN_OBJC_IMPLICIT_RETAIN_SELF = YES;
				CLANG_WARN_OBJC_LITERAL_CONVERSION = YES;
				CLANG_WARN_OBJC_ROOT_CLASS = YES_ERROR;
				CLANG_WARN_RANGE_LOOP_ANALYSIS = YES;
				CLANG_WARN_STRICT_PROTOTYPES = YES;
				CLANG_WARN_SUSPICIOUS_MOVE = YES;
				CLANG_WARN_UNGUARDED_AVAILABILITY = YES_AGGRESSIVE;
				CLANG_WARN_UNREACHABLE_CODE = YES;
				CLANG_WARN__DUPLICATE_METHOD_MATCH = YES;
				CODE_SIGN_IDENTITY = "iPhone Developer";
				COPY_PHASE_STRIP = NO;
				DEBUG_INFORMATION_FORMAT = dwarf;
				ENABLE_STRICT_OBJC_MSGSEND = YES;
				ENABLE_TESTABILITY = YES;
				GCC_C_LANGUAGE_STANDARD = gnu11;
				GCC_DYNAMIC_NO_PIC = NO;
				GCC_NO_COMMON_BLOCKS = YES;
				GCC_OPTIMIZATION_LEVEL = 0;
				GCC_PREPROCESSOR_DEFINITIONS = (
					"DEBUG=1",
					"$(inherited)",
				);
				GCC_WARN_64_TO_32_BIT_CONVERSION = YES;
				GCC_WARN_ABOUT_RETURN_TYPE = YES_ERROR;
				GCC_WARN_UNDECLARED_SELECTOR = YES;
				GCC_WARN_UNINITIALIZED_AUTOS = YES_AGGRESSIVE;
				GCC_WARN_UNUSED_FUNCTION = YES;
				GCC_WARN_UNUSED_VARIABLE = YES;
				IPHONEOS_DEPLOYMENT_TARGET = 12.1;
				MTL_ENABLE_DEBUG_INFO = INCLUDE_SOURCE;
				MTL_FAST_MATH = YES;
				ONLY_ACTIVE_ARCH = YES;
				SDKROOT = iphoneos;
				SWIFT_ACTIVE_COMPILATION_CONDITIONS = DEBUG;
				SWIFT_OPTIMIZATION_LEVEL = "-Onone";
			};
			name = Debug;
		};
		4B8676592295476700FC3CE7 /* Release */ = {
			isa = XCBuildConfiguration;
			buildSettings = {
				ALWAYS_SEARCH_USER_PATHS = NO;
				CLANG_ANALYZER_NONNULL = YES;
				CLANG_ANALYZER_NUMBER_OBJECT_CONVERSION = YES_AGGRESSIVE;
				CLANG_CXX_LANGUAGE_STANDARD = "gnu++14";
				CLANG_CXX_LIBRARY = "libc++";
				CLANG_ENABLE_MODULES = YES;
				CLANG_ENABLE_OBJC_ARC = YES;
				CLANG_ENABLE_OBJC_WEAK = YES;
				CLANG_WARN_BLOCK_CAPTURE_AUTORELEASING = YES;
				CLANG_WARN_BOOL_CONVERSION = YES;
				CLANG_WARN_COMMA = YES;
				CLANG_WARN_CONSTANT_CONVERSION = YES;
				CLANG_WARN_DEPRECATED_OBJC_IMPLEMENTATIONS = YES;
				CLANG_WARN_DIRECT_OBJC_ISA_USAGE = YES_ERROR;
				CLANG_WARN_DOCUMENTATION_COMMENTS = YES;
				CLANG_WARN_EMPTY_BODY = YES;
				CLANG_WARN_ENUM_CONVERSION = YES;
				CLANG_WARN_INFINITE_RECURSION = YES;
				CLANG_WARN_INT_CONVERSION = YES;
				CLANG_WARN_NON_LITERAL_NULL_CONVERSION = YES;
				CLANG_WARN_OBJC_IMPLICIT_RETAIN_SELF = YES;
				CLANG_WARN_OBJC_LITERAL_CONVERSION = YES;
				CLANG_WARN_OBJC_ROOT_CLASS = YES_ERROR;
				CLANG_WARN_RANGE_LOOP_ANALYSIS = YES;
				CLANG_WARN_STRICT_PROTOTYPES = YES;
				CLANG_WARN_SUSPICIOUS_MOVE = YES;
				CLANG_WARN_UNGUARDED_AVAILABILITY = YES_AGGRESSIVE;
				CLANG_WARN_UNREACHABLE_CODE = YES;
				CLANG_WARN__DUPLICATE_METHOD_MATCH = YES;
				CODE_SIGN_IDENTITY = "iPhone Developer";
				COPY_PHASE_STRIP = NO;
				DEBUG_INFORMATION_FORMAT = "dwarf-with-dsym";
				ENABLE_NS_ASSERTIONS = NO;
				ENABLE_STRICT_OBJC_MSGSEND = YES;
				GCC_C_LANGUAGE_STANDARD = gnu11;
				GCC_NO_COMMON_BLOCKS = YES;
				GCC_WARN_64_TO_32_BIT_CONVERSION = YES;
				GCC_WARN_ABOUT_RETURN_TYPE = YES_ERROR;
				GCC_WARN_UNDECLARED_SELECTOR = YES;
				GCC_WARN_UNINITIALIZED_AUTOS = YES_AGGRESSIVE;
				GCC_WARN_UNUSED_FUNCTION = YES;
				GCC_WARN_UNUSED_VARIABLE = YES;
				IPHONEOS_DEPLOYMENT_TARGET = 12.1;
				MTL_ENABLE_DEBUG_INFO = NO;
				MTL_FAST_MATH = YES;
				SDKROOT = iphoneos;
				SWIFT_COMPILATION_MODE = wholemodule;
				SWIFT_OPTIMIZATION_LEVEL = "-O";
				VALIDATE_PRODUCT = YES;
			};
			name = Release;
		};
		4B86765B2295476700FC3CE7 /* Debug */ = {
			isa = XCBuildConfiguration;
			buildSettings = {
				ASSETCATALOG_COMPILER_APPICON_NAME = AppIcon;
				CODE_SIGN_STYLE = Automatic;
				INFOPLIST_FILE = DebtorsAndSponsors/Info.plist;
				IPHONEOS_DEPLOYMENT_TARGET = 11.4;
				LD_RUNPATH_SEARCH_PATHS = (
					"$(inherited)",
					"@executable_path/Frameworks",
				);
				PRODUCT_BUNDLE_IDENTIFIER = com.kuldarya.DebtorsAndSponsors;
				PRODUCT_NAME = "$(TARGET_NAME)";
				SWIFT_VERSION = 4.2;
				TARGETED_DEVICE_FAMILY = "1,2";
			};
			name = Debug;
		};
		4B86765C2295476700FC3CE7 /* Release */ = {
			isa = XCBuildConfiguration;
			buildSettings = {
				ASSETCATALOG_COMPILER_APPICON_NAME = AppIcon;
				CODE_SIGN_STYLE = Automatic;
				INFOPLIST_FILE = DebtorsAndSponsors/Info.plist;
				IPHONEOS_DEPLOYMENT_TARGET = 11.4;
				LD_RUNPATH_SEARCH_PATHS = (
					"$(inherited)",
					"@executable_path/Frameworks",
				);
				PRODUCT_BUNDLE_IDENTIFIER = com.kuldarya.DebtorsAndSponsors;
				PRODUCT_NAME = "$(TARGET_NAME)";
				SWIFT_VERSION = 4.2;
				TARGETED_DEVICE_FAMILY = "1,2";
			};
			name = Release;
		};
/* End XCBuildConfiguration section */

/* Begin XCConfigurationList section */
		4B8676432295476500FC3CE7 /* Build configuration list for PBXProject "DebtorsAndSponsors" */ = {
			isa = XCConfigurationList;
			buildConfigurations = (
				4B8676582295476700FC3CE7 /* Debug */,
				4B8676592295476700FC3CE7 /* Release */,
			);
			defaultConfigurationIsVisible = 0;
			defaultConfigurationName = Release;
		};
		4B86765A2295476700FC3CE7 /* Build configuration list for PBXNativeTarget "DebtorsAndSponsors" */ = {
			isa = XCConfigurationList;
			buildConfigurations = (
				4B86765B2295476700FC3CE7 /* Debug */,
				4B86765C2295476700FC3CE7 /* Release */,
			);
			defaultConfigurationIsVisible = 0;
			defaultConfigurationName = Release;
		};
/* End XCConfigurationList section */
	};
	rootObject = 4B8676402295476500FC3CE7 /* Project object */;
}
